// !$*UTF8*$!
{
	archiveVersion = 1;
	classes = {
	};
	objectVersion = 55;
	objects = {

/* Begin PBXBuildFile section */
		4129231B281489FB0001086C /* CategoryCell.swift in Sources */ = {isa = PBXBuildFile; fileRef = 4129231A281489FB0001086C /* CategoryCell.swift */; };
		4129231D28148E990001086C /* CategoryAddCell.swift in Sources */ = {isa = PBXBuildFile; fileRef = 4129231C28148E990001086C /* CategoryAddCell.swift */; };
		412E3DA52815CAF200B8D8DD /* ShakableView.swift in Sources */ = {isa = PBXBuildFile; fileRef = 412E3DA42815CAF200B8D8DD /* ShakableView.swift */; };
		41881FD028155BDA00FFA4E2 /* CategoriesNetworkContext.swift in Sources */ = {isa = PBXBuildFile; fileRef = 41881FCF28155BDA00FFA4E2 /* CategoriesNetworkContext.swift */; };
		41881FD228155C9600FFA4E2 /* Category.swift in Sources */ = {isa = PBXBuildFile; fileRef = 41881FD128155C9600FFA4E2 /* Category.swift */; };
		41881FD4281560E100FFA4E2 /* CategoryShimmerCell.swift in Sources */ = {isa = PBXBuildFile; fileRef = 41881FD3281560E100FFA4E2 /* CategoryShimmerCell.swift */; };
		41881FD628158D5100FFA4E2 /* RemoveCategoryNetworkContext.swift in Sources */ = {isa = PBXBuildFile; fileRef = 41881FD528158D5100FFA4E2 /* RemoveCategoryNetworkContext.swift */; };
		41881FF22815939D00FFA4E2 /* LocalDatabaseManager.swift in Sources */ = {isa = PBXBuildFile; fileRef = 41881FF12815939D00FFA4E2 /* LocalDatabaseManager.swift */; };
		41881FF72815A3C800FFA4E2 /* LocalCategory+CoreDataClass.swift in Sources */ = {isa = PBXBuildFile; fileRef = 41881FF32815A3C800FFA4E2 /* LocalCategory+CoreDataClass.swift */; };
		41881FF82815A3C800FFA4E2 /* LocalCategory+CoreDataProperties.swift in Sources */ = {isa = PBXBuildFile; fileRef = 41881FF42815A3C800FFA4E2 /* LocalCategory+CoreDataProperties.swift */; };
		41881FF92815A3C800FFA4E2 /* LocalRecord+CoreDataClass.swift in Sources */ = {isa = PBXBuildFile; fileRef = 41881FF52815A3C800FFA4E2 /* LocalRecord+CoreDataClass.swift */; };
		41881FFA2815A3C800FFA4E2 /* LocalRecord+CoreDataProperties.swift in Sources */ = {isa = PBXBuildFile; fileRef = 41881FF62815A3C800FFA4E2 /* LocalRecord+CoreDataProperties.swift */; };
		41881FFC2815A6F900FFA4E2 /* Fracker.xcdatamodeld in Resources */ = {isa = PBXBuildFile; fileRef = 41B6D50928144F7E00798014 /* Fracker.xcdatamodeld */; };
		41881FFE2815AC4100FFA4E2 /* CategoryTextFieldCell.swift in Sources */ = {isa = PBXBuildFile; fileRef = 41881FFD2815AC4100FFA4E2 /* CategoryTextFieldCell.swift */; };
		418820002815B5AE00FFA4E2 /* CreateCategoryNetworkContext.swift in Sources */ = {isa = PBXBuildFile; fileRef = 41881FFF2815B5AE00FFA4E2 /* CreateCategoryNetworkContext.swift */; };
		41B6D50128144F7E00798014 /* AppDelegate.swift in Sources */ = {isa = PBXBuildFile; fileRef = 41B6D50028144F7E00798014 /* AppDelegate.swift */; };
		41B6D50D28144F8000798014 /* Assets.xcassets in Resources */ = {isa = PBXBuildFile; fileRef = 41B6D50C28144F8000798014 /* Assets.xcassets */; };
		41B6D51028144F8000798014 /* LaunchScreen.storyboard in Resources */ = {isa = PBXBuildFile; fileRef = 41B6D50E28144F8000798014 /* LaunchScreen.storyboard */; };
		41B6D51B28144F8000798014 /* FrackerTests.swift in Sources */ = {isa = PBXBuildFile; fileRef = 41B6D51A28144F8000798014 /* FrackerTests.swift */; };
		41B6D52528144F8000798014 /* FrackerUITests.swift in Sources */ = {isa = PBXBuildFile; fileRef = 41B6D52428144F8000798014 /* FrackerUITests.swift */; };
		41B6D52728144F8000798014 /* FrackerUITestsLaunchTests.swift in Sources */ = {isa = PBXBuildFile; fileRef = 41B6D52628144F8000798014 /* FrackerUITestsLaunchTests.swift */; };
		41B6D53E281451AE00798014 /* AuthViewInput.swift in Sources */ = {isa = PBXBuildFile; fileRef = 41B6D538281451AE00798014 /* AuthViewInput.swift */; };
		41B6D53F281451AE00798014 /* AuthRouter.swift in Sources */ = {isa = PBXBuildFile; fileRef = 41B6D539281451AE00798014 /* AuthRouter.swift */; };
		41B6D540281451AE00798014 /* AuthInteractorInput.swift in Sources */ = {isa = PBXBuildFile; fileRef = 41B6D53A281451AE00798014 /* AuthInteractorInput.swift */; };
		41B6D541281451AE00798014 /* AuthViewController.swift in Sources */ = {isa = PBXBuildFile; fileRef = 41B6D53B281451AE00798014 /* AuthViewController.swift */; };
		41B6D542281451AE00798014 /* AuthInteractor.swift in Sources */ = {isa = PBXBuildFile; fileRef = 41B6D53C281451AE00798014 /* AuthInteractor.swift */; };
		41B6D543281451AE00798014 /* AuthRouterInput.swift in Sources */ = {isa = PBXBuildFile; fileRef = 41B6D53D281451AE00798014 /* AuthRouterInput.swift */; };
		41B6D54628146B5D00798014 /* Base in Frameworks */ = {isa = PBXBuildFile; productRef = 41B6D54528146B5D00798014 /* Base */; };
		41B6D54928146BBA00798014 /* Network11 in Frameworks */ = {isa = PBXBuildFile; productRef = 41B6D54828146BBA00798014 /* Network11 */; };
		41B6D5532814732200798014 /* KeyValueStore.swift in Sources */ = {isa = PBXBuildFile; fileRef = 41B6D54E2814732100798014 /* KeyValueStore.swift */; };
		41B6D5542814732200798014 /* CommonStore.swift in Sources */ = {isa = PBXBuildFile; fileRef = 41B6D54F2814732200798014 /* CommonStore.swift */; };
		41B6D5552814732200798014 /* Endpoint.swift in Sources */ = {isa = PBXBuildFile; fileRef = 41B6D5502814732200798014 /* Endpoint.swift */; };
		41B6D5562814732200798014 /* BaseImage + extensions.swift in Sources */ = {isa = PBXBuildFile; fileRef = 41B6D5512814732200798014 /* BaseImage + extensions.swift */; };
		41B6D5572814732200798014 /* Constants.swift in Sources */ = {isa = PBXBuildFile; fileRef = 41B6D5522814732200798014 /* Constants.swift */; };
		41C69D3F2814A7720076B354 /* AuthType.swift in Sources */ = {isa = PBXBuildFile; fileRef = 41C69D3E2814A7720076B354 /* AuthType.swift */; };
		41C69D412814AB6D0076B354 /* AuthNetworkContext.swift in Sources */ = {isa = PBXBuildFile; fileRef = 41C69D402814AB6D0076B354 /* AuthNetworkContext.swift */; };
		41C69D432814ABE30076B354 /* InteractorInput.swift in Sources */ = {isa = PBXBuildFile; fileRef = 41C69D422814ABE30076B354 /* InteractorInput.swift */; };
		41C69D452814AC520076B354 /* ErrorDescriptor.swift in Sources */ = {isa = PBXBuildFile; fileRef = 41C69D442814AC520076B354 /* ErrorDescriptor.swift */; };
		41C69D472814AC680076B354 /* DisplayedError.swift in Sources */ = {isa = PBXBuildFile; fileRef = 41C69D462814AC680076B354 /* DisplayedError.swift */; };
		41C69D492814B2BD0076B354 /* LocalError.swift in Sources */ = {isa = PBXBuildFile; fileRef = 41C69D482814B2BD0076B354 /* LocalError.swift */; };
		41C69D4B2814B30B0076B354 /* NetworkError + extensions.swift in Sources */ = {isa = PBXBuildFile; fileRef = 41C69D4A2814B30B0076B354 /* NetworkError + extensions.swift */; };
		41C69D4D2814B74B0076B354 /* yessetmurat.com.crt in Resources */ = {isa = PBXBuildFile; fileRef = 41C69D4C2814B74B0076B354 /* yessetmurat.com.crt */; };
		41D6B8D5281476ED00595F6C /* RecordViewInput.swift in Sources */ = {isa = PBXBuildFile; fileRef = 41D6B8CF281476ED00595F6C /* RecordViewInput.swift */; };
		41D6B8D6281476ED00595F6C /* RecordRouter.swift in Sources */ = {isa = PBXBuildFile; fileRef = 41D6B8D0281476ED00595F6C /* RecordRouter.swift */; };
		41D6B8D7281476ED00595F6C /* RecordInteractorInput.swift in Sources */ = {isa = PBXBuildFile; fileRef = 41D6B8D1281476ED00595F6C /* RecordInteractorInput.swift */; };
		41D6B8D8281476ED00595F6C /* RecordViewController.swift in Sources */ = {isa = PBXBuildFile; fileRef = 41D6B8D2281476ED00595F6C /* RecordViewController.swift */; };
		41D6B8D9281476ED00595F6C /* RecordInteractor.swift in Sources */ = {isa = PBXBuildFile; fileRef = 41D6B8D3281476ED00595F6C /* RecordInteractor.swift */; };
		41D6B8DA281476ED00595F6C /* RecordRouterInput.swift in Sources */ = {isa = PBXBuildFile; fileRef = 41D6B8D4281476ED00595F6C /* RecordRouterInput.swift */; };
		41D6B8E02814785900595F6C /* KeyboardView.swift in Sources */ = {isa = PBXBuildFile; fileRef = 41D6B8DF2814785900595F6C /* KeyboardView.swift */; };
		41D6B8E228147BE700595F6C /* PadCell.swift in Sources */ = {isa = PBXBuildFile; fileRef = 41D6B8E128147BE700595F6C /* PadCell.swift */; };
		41D6B8E428147CDD00595F6C /* PadCellTappable.swift in Sources */ = {isa = PBXBuildFile; fileRef = 41D6B8E328147CDD00595F6C /* PadCellTappable.swift */; };
/* End PBXBuildFile section */

/* Begin PBXContainerItemProxy section */
		41B6D51728144F8000798014 /* PBXContainerItemProxy */ = {
			isa = PBXContainerItemProxy;
			containerPortal = 41B6D4F528144F7E00798014 /* Project object */;
			proxyType = 1;
			remoteGlobalIDString = 41B6D4FC28144F7E00798014;
			remoteInfo = Fracker;
		};
		41B6D52128144F8000798014 /* PBXContainerItemProxy */ = {
			isa = PBXContainerItemProxy;
			containerPortal = 41B6D4F528144F7E00798014 /* Project object */;
			proxyType = 1;
			remoteGlobalIDString = 41B6D4FC28144F7E00798014;
			remoteInfo = Fracker;
		};
/* End PBXContainerItemProxy section */

/* Begin PBXFileReference section */
		4129231A281489FB0001086C /* CategoryCell.swift */ = {isa = PBXFileReference; lastKnownFileType = sourcecode.swift; path = CategoryCell.swift; sourceTree = "<group>"; };
		4129231C28148E990001086C /* CategoryAddCell.swift */ = {isa = PBXFileReference; lastKnownFileType = sourcecode.swift; path = CategoryAddCell.swift; sourceTree = "<group>"; };
		412E3DA42815CAF200B8D8DD /* ShakableView.swift */ = {isa = PBXFileReference; lastKnownFileType = sourcecode.swift; path = ShakableView.swift; sourceTree = "<group>"; };
		41881FCF28155BDA00FFA4E2 /* CategoriesNetworkContext.swift */ = {isa = PBXFileReference; lastKnownFileType = sourcecode.swift; path = CategoriesNetworkContext.swift; sourceTree = "<group>"; };
		41881FD128155C9600FFA4E2 /* Category.swift */ = {isa = PBXFileReference; lastKnownFileType = sourcecode.swift; path = Category.swift; sourceTree = "<group>"; };
		41881FD3281560E100FFA4E2 /* CategoryShimmerCell.swift */ = {isa = PBXFileReference; lastKnownFileType = sourcecode.swift; path = CategoryShimmerCell.swift; sourceTree = "<group>"; };
		41881FD528158D5100FFA4E2 /* RemoveCategoryNetworkContext.swift */ = {isa = PBXFileReference; lastKnownFileType = sourcecode.swift; path = RemoveCategoryNetworkContext.swift; sourceTree = "<group>"; };
		41881FF12815939D00FFA4E2 /* LocalDatabaseManager.swift */ = {isa = PBXFileReference; lastKnownFileType = sourcecode.swift; path = LocalDatabaseManager.swift; sourceTree = "<group>"; };
		41881FF32815A3C800FFA4E2 /* LocalCategory+CoreDataClass.swift */ = {isa = PBXFileReference; lastKnownFileType = sourcecode.swift; path = "LocalCategory+CoreDataClass.swift"; sourceTree = "<group>"; };
		41881FF42815A3C800FFA4E2 /* LocalCategory+CoreDataProperties.swift */ = {isa = PBXFileReference; lastKnownFileType = sourcecode.swift; path = "LocalCategory+CoreDataProperties.swift"; sourceTree = "<group>"; };
		41881FF52815A3C800FFA4E2 /* LocalRecord+CoreDataClass.swift */ = {isa = PBXFileReference; lastKnownFileType = sourcecode.swift; path = "LocalRecord+CoreDataClass.swift"; sourceTree = "<group>"; };
		41881FF62815A3C800FFA4E2 /* LocalRecord+CoreDataProperties.swift */ = {isa = PBXFileReference; lastKnownFileType = sourcecode.swift; path = "LocalRecord+CoreDataProperties.swift"; sourceTree = "<group>"; };
		41881FFD2815AC4100FFA4E2 /* CategoryTextFieldCell.swift */ = {isa = PBXFileReference; lastKnownFileType = sourcecode.swift; path = CategoryTextFieldCell.swift; sourceTree = "<group>"; };
		41881FFF2815B5AE00FFA4E2 /* CreateCategoryNetworkContext.swift */ = {isa = PBXFileReference; lastKnownFileType = sourcecode.swift; path = CreateCategoryNetworkContext.swift; sourceTree = "<group>"; };
		41B6D4FD28144F7E00798014 /* Fracker.app */ = {isa = PBXFileReference; explicitFileType = wrapper.application; includeInIndex = 0; path = Fracker.app; sourceTree = BUILT_PRODUCTS_DIR; };
		41B6D50028144F7E00798014 /* AppDelegate.swift */ = {isa = PBXFileReference; lastKnownFileType = sourcecode.swift; path = AppDelegate.swift; sourceTree = "<group>"; };
		41B6D50A28144F7E00798014 /* Fracker.xcdatamodel */ = {isa = PBXFileReference; lastKnownFileType = wrapper.xcdatamodel; path = Fracker.xcdatamodel; sourceTree = "<group>"; };
		41B6D50C28144F8000798014 /* Assets.xcassets */ = {isa = PBXFileReference; lastKnownFileType = folder.assetcatalog; path = Assets.xcassets; sourceTree = "<group>"; };
		41B6D50F28144F8000798014 /* Base */ = {isa = PBXFileReference; lastKnownFileType = file.storyboard; name = Base; path = Base.lproj/LaunchScreen.storyboard; sourceTree = "<group>"; };
		41B6D51128144F8000798014 /* Info.plist */ = {isa = PBXFileReference; lastKnownFileType = text.plist.xml; path = Info.plist; sourceTree = "<group>"; };
		41B6D51628144F8000798014 /* FrackerTests.xctest */ = {isa = PBXFileReference; explicitFileType = wrapper.cfbundle; includeInIndex = 0; path = FrackerTests.xctest; sourceTree = BUILT_PRODUCTS_DIR; };
		41B6D51A28144F8000798014 /* FrackerTests.swift */ = {isa = PBXFileReference; lastKnownFileType = sourcecode.swift; path = FrackerTests.swift; sourceTree = "<group>"; };
		41B6D52028144F8000798014 /* FrackerUITests.xctest */ = {isa = PBXFileReference; explicitFileType = wrapper.cfbundle; includeInIndex = 0; path = FrackerUITests.xctest; sourceTree = BUILT_PRODUCTS_DIR; };
		41B6D52428144F8000798014 /* FrackerUITests.swift */ = {isa = PBXFileReference; lastKnownFileType = sourcecode.swift; path = FrackerUITests.swift; sourceTree = "<group>"; };
		41B6D52628144F8000798014 /* FrackerUITestsLaunchTests.swift */ = {isa = PBXFileReference; lastKnownFileType = sourcecode.swift; path = FrackerUITestsLaunchTests.swift; sourceTree = "<group>"; };
		41B6D538281451AE00798014 /* AuthViewInput.swift */ = {isa = PBXFileReference; lastKnownFileType = sourcecode.swift; path = AuthViewInput.swift; sourceTree = "<group>"; };
		41B6D539281451AE00798014 /* AuthRouter.swift */ = {isa = PBXFileReference; lastKnownFileType = sourcecode.swift; path = AuthRouter.swift; sourceTree = "<group>"; };
		41B6D53A281451AE00798014 /* AuthInteractorInput.swift */ = {isa = PBXFileReference; lastKnownFileType = sourcecode.swift; path = AuthInteractorInput.swift; sourceTree = "<group>"; };
		41B6D53B281451AE00798014 /* AuthViewController.swift */ = {isa = PBXFileReference; lastKnownFileType = sourcecode.swift; path = AuthViewController.swift; sourceTree = "<group>"; };
		41B6D53C281451AE00798014 /* AuthInteractor.swift */ = {isa = PBXFileReference; lastKnownFileType = sourcecode.swift; path = AuthInteractor.swift; sourceTree = "<group>"; };
		41B6D53D281451AE00798014 /* AuthRouterInput.swift */ = {isa = PBXFileReference; lastKnownFileType = sourcecode.swift; path = AuthRouterInput.swift; sourceTree = "<group>"; };
		41B6D54E2814732100798014 /* KeyValueStore.swift */ = {isa = PBXFileReference; fileEncoding = 4; lastKnownFileType = sourcecode.swift; path = KeyValueStore.swift; sourceTree = "<group>"; };
		41B6D54F2814732200798014 /* CommonStore.swift */ = {isa = PBXFileReference; fileEncoding = 4; lastKnownFileType = sourcecode.swift; path = CommonStore.swift; sourceTree = "<group>"; };
		41B6D5502814732200798014 /* Endpoint.swift */ = {isa = PBXFileReference; fileEncoding = 4; lastKnownFileType = sourcecode.swift; path = Endpoint.swift; sourceTree = "<group>"; };
		41B6D5512814732200798014 /* BaseImage + extensions.swift */ = {isa = PBXFileReference; fileEncoding = 4; lastKnownFileType = sourcecode.swift; path = "BaseImage + extensions.swift"; sourceTree = "<group>"; };
		41B6D5522814732200798014 /* Constants.swift */ = {isa = PBXFileReference; fileEncoding = 4; lastKnownFileType = sourcecode.swift; path = Constants.swift; sourceTree = "<group>"; };
		41C69D3E2814A7720076B354 /* AuthType.swift */ = {isa = PBXFileReference; lastKnownFileType = sourcecode.swift; path = AuthType.swift; sourceTree = "<group>"; };
		41C69D402814AB6D0076B354 /* AuthNetworkContext.swift */ = {isa = PBXFileReference; fileEncoding = 4; lastKnownFileType = sourcecode.swift; path = AuthNetworkContext.swift; sourceTree = "<group>"; };
		41C69D422814ABE30076B354 /* InteractorInput.swift */ = {isa = PBXFileReference; lastKnownFileType = sourcecode.swift; path = InteractorInput.swift; sourceTree = "<group>"; };
		41C69D442814AC520076B354 /* ErrorDescriptor.swift */ = {isa = PBXFileReference; lastKnownFileType = sourcecode.swift; path = ErrorDescriptor.swift; sourceTree = "<group>"; };
		41C69D462814AC680076B354 /* DisplayedError.swift */ = {isa = PBXFileReference; lastKnownFileType = sourcecode.swift; path = DisplayedError.swift; sourceTree = "<group>"; };
		41C69D482814B2BD0076B354 /* LocalError.swift */ = {isa = PBXFileReference; lastKnownFileType = sourcecode.swift; path = LocalError.swift; sourceTree = "<group>"; };
		41C69D4A2814B30B0076B354 /* NetworkError + extensions.swift */ = {isa = PBXFileReference; lastKnownFileType = sourcecode.swift; path = "NetworkError + extensions.swift"; sourceTree = "<group>"; };
		41C69D4C2814B74B0076B354 /* yessetmurat.com.crt */ = {isa = PBXFileReference; lastKnownFileType = file; path = yessetmurat.com.crt; sourceTree = "<group>"; };
		41D6B8CF281476ED00595F6C /* RecordViewInput.swift */ = {isa = PBXFileReference; lastKnownFileType = sourcecode.swift; path = RecordViewInput.swift; sourceTree = "<group>"; };
		41D6B8D0281476ED00595F6C /* RecordRouter.swift */ = {isa = PBXFileReference; lastKnownFileType = sourcecode.swift; path = RecordRouter.swift; sourceTree = "<group>"; };
		41D6B8D1281476ED00595F6C /* RecordInteractorInput.swift */ = {isa = PBXFileReference; lastKnownFileType = sourcecode.swift; path = RecordInteractorInput.swift; sourceTree = "<group>"; };
		41D6B8D2281476ED00595F6C /* RecordViewController.swift */ = {isa = PBXFileReference; lastKnownFileType = sourcecode.swift; path = RecordViewController.swift; sourceTree = "<group>"; };
		41D6B8D3281476ED00595F6C /* RecordInteractor.swift */ = {isa = PBXFileReference; lastKnownFileType = sourcecode.swift; path = RecordInteractor.swift; sourceTree = "<group>"; };
		41D6B8D4281476ED00595F6C /* RecordRouterInput.swift */ = {isa = PBXFileReference; lastKnownFileType = sourcecode.swift; path = RecordRouterInput.swift; sourceTree = "<group>"; };
		41D6B8DF2814785900595F6C /* KeyboardView.swift */ = {isa = PBXFileReference; lastKnownFileType = sourcecode.swift; path = KeyboardView.swift; sourceTree = "<group>"; };
		41D6B8E128147BE700595F6C /* PadCell.swift */ = {isa = PBXFileReference; lastKnownFileType = sourcecode.swift; path = PadCell.swift; sourceTree = "<group>"; };
		41D6B8E328147CDD00595F6C /* PadCellTappable.swift */ = {isa = PBXFileReference; lastKnownFileType = sourcecode.swift; path = PadCellTappable.swift; sourceTree = "<group>"; };
/* End PBXFileReference section */

/* Begin PBXFrameworksBuildPhase section */
		41B6D4FA28144F7E00798014 /* Frameworks */ = {
			isa = PBXFrameworksBuildPhase;
			buildActionMask = 2147483647;
			files = (
				41B6D54628146B5D00798014 /* Base in Frameworks */,
				41B6D54928146BBA00798014 /* Network11 in Frameworks */,
			);
			runOnlyForDeploymentPostprocessing = 0;
		};
		41B6D51328144F8000798014 /* Frameworks */ = {
			isa = PBXFrameworksBuildPhase;
			buildActionMask = 2147483647;
			files = (
			);
			runOnlyForDeploymentPostprocessing = 0;
		};
		41B6D51D28144F8000798014 /* Frameworks */ = {
			isa = PBXFrameworksBuildPhase;
			buildActionMask = 2147483647;
			files = (
			);
			runOnlyForDeploymentPostprocessing = 0;
		};
/* End PBXFrameworksBuildPhase section */

/* Begin PBXGroup section */
		41881FCE28155BC100FFA4E2 /* NetworkContext */ = {
			isa = PBXGroup;
			children = (
				41881FCF28155BDA00FFA4E2 /* CategoriesNetworkContext.swift */,
				41881FD528158D5100FFA4E2 /* RemoveCategoryNetworkContext.swift */,
				41881FFF2815B5AE00FFA4E2 /* CreateCategoryNetworkContext.swift */,
			);
			name = NetworkContext;
			sourceTree = "<group>";
		};
		41881FE7281591FD00FFA4E2 /* Local entities */ = {
			isa = PBXGroup;
			children = (
				41881FF32815A3C800FFA4E2 /* LocalCategory+CoreDataClass.swift */,
				41881FF42815A3C800FFA4E2 /* LocalCategory+CoreDataProperties.swift */,
				41881FF52815A3C800FFA4E2 /* LocalRecord+CoreDataClass.swift */,
				41881FF62815A3C800FFA4E2 /* LocalRecord+CoreDataProperties.swift */,
			);
			name = "Local entities";
			sourceTree = "<group>";
		};
		41881FE82815920E00FFA4E2 /* Entities */ = {
			isa = PBXGroup;
			children = (
				41881FD128155C9600FFA4E2 /* Category.swift */,
			);
			name = Entities;
			sourceTree = "<group>";
		};
		41B6D4F428144F7E00798014 = {
			isa = PBXGroup;
			children = (
				41B6D4FF28144F7E00798014 /* Fracker */,
				41B6D51928144F8000798014 /* FrackerTests */,
				41B6D52328144F8000798014 /* FrackerUITests */,
				41B6D4FE28144F7E00798014 /* Products */,
			);
			sourceTree = "<group>";
		};
		41B6D4FE28144F7E00798014 /* Products */ = {
			isa = PBXGroup;
			children = (
				41B6D4FD28144F7E00798014 /* Fracker.app */,
				41B6D51628144F8000798014 /* FrackerTests.xctest */,
				41B6D52028144F8000798014 /* FrackerUITests.xctest */,
			);
			name = Products;
			sourceTree = "<group>";
		};
		41B6D4FF28144F7E00798014 /* Fracker */ = {
			isa = PBXGroup;
			children = (
				41B6D53428144FEF00798014 /* Pages */,
				41B6D54D281472E000798014 /* Utils */,
				41B6D53328144FD900798014 /* Supporting */,
			);
			path = Fracker;
			sourceTree = "<group>";
		};
		41B6D51928144F8000798014 /* FrackerTests */ = {
			isa = PBXGroup;
			children = (
				41B6D51A28144F8000798014 /* FrackerTests.swift */,
			);
			path = FrackerTests;
			sourceTree = "<group>";
		};
		41B6D52328144F8000798014 /* FrackerUITests */ = {
			isa = PBXGroup;
			children = (
				41B6D52428144F8000798014 /* FrackerUITests.swift */,
				41B6D52628144F8000798014 /* FrackerUITestsLaunchTests.swift */,
			);
			path = FrackerUITests;
			sourceTree = "<group>";
		};
		41B6D53328144FD900798014 /* Supporting */ = {
			isa = PBXGroup;
			children = (
				41C69D4C2814B74B0076B354 /* yessetmurat.com.crt */,
				41B6D50028144F7E00798014 /* AppDelegate.swift */,
				41B6D50C28144F8000798014 /* Assets.xcassets */,
				41B6D50E28144F8000798014 /* LaunchScreen.storyboard */,
				41B6D51128144F8000798014 /* Info.plist */,
				41B6D50928144F7E00798014 /* Fracker.xcdatamodeld */,
			);
			path = Supporting;
			sourceTree = "<group>";
		};
		41B6D53428144FEF00798014 /* Pages */ = {
			isa = PBXGroup;
			children = (
				41B6D5362814514E00798014 /* Auth */,
				41B6D5352814514600798014 /* Add record */,
				41B6D5372814515800798014 /* Analytics */,
			);
			path = Pages;
			sourceTree = "<group>";
		};
		41B6D5352814514600798014 /* Add record */ = {
			isa = PBXGroup;
			children = (
				41D6B8DE2814784C00595F6C /* Utils */,
				41D6B8DD281476FC00595F6C /* Router */,
				41D6B8DC281476F700595F6C /* Interactor */,
				41D6B8DB281476F200595F6C /* View */,
			);
			path = "Add record";
			sourceTree = "<group>";
		};
		41B6D5362814514E00798014 /* Auth */ = {
			isa = PBXGroup;
			children = (
				41C69D3D2814A7690076B354 /* Utils */,
				41B6D54C28146BD300798014 /* Router */,
				41B6D54B28146BCB00798014 /* Interactor */,
				41B6D54A28146BC400798014 /* VIew */,
			);
			path = Auth;
			sourceTree = "<group>";
		};
		41B6D5372814515800798014 /* Analytics */ = {
			isa = PBXGroup;
			children = (
			);
			path = Analytics;
			sourceTree = "<group>";
		};
		41B6D54A28146BC400798014 /* VIew */ = {
			isa = PBXGroup;
			children = (
				41B6D538281451AE00798014 /* AuthViewInput.swift */,
				41B6D53B281451AE00798014 /* AuthViewController.swift */,
			);
			name = VIew;
			sourceTree = "<group>";
		};
		41B6D54B28146BCB00798014 /* Interactor */ = {
			isa = PBXGroup;
			children = (
				41B6D53A281451AE00798014 /* AuthInteractorInput.swift */,
				41B6D53C281451AE00798014 /* AuthInteractor.swift */,
			);
			name = Interactor;
			sourceTree = "<group>";
		};
		41B6D54C28146BD300798014 /* Router */ = {
			isa = PBXGroup;
			children = (
				41B6D539281451AE00798014 /* AuthRouter.swift */,
				41B6D53D281451AE00798014 /* AuthRouterInput.swift */,
			);
			name = Router;
			sourceTree = "<group>";
		};
		41B6D54D281472E000798014 /* Utils */ = {
			isa = PBXGroup;
			children = (
				41B6D5512814732200798014 /* BaseImage + extensions.swift */,
				41B6D54F2814732200798014 /* CommonStore.swift */,
				41B6D5522814732200798014 /* Constants.swift */,
				41B6D5502814732200798014 /* Endpoint.swift */,
				41B6D54E2814732100798014 /* KeyValueStore.swift */,
				41C69D422814ABE30076B354 /* InteractorInput.swift */,
				41C69D442814AC520076B354 /* ErrorDescriptor.swift */,
				41C69D462814AC680076B354 /* DisplayedError.swift */,
				41C69D482814B2BD0076B354 /* LocalError.swift */,
				41C69D4A2814B30B0076B354 /* NetworkError + extensions.swift */,
				41881FF12815939D00FFA4E2 /* LocalDatabaseManager.swift */,
				412E3DA42815CAF200B8D8DD /* ShakableView.swift */,
			);
			path = Utils;
			sourceTree = "<group>";
		};
		41C69D3D2814A7690076B354 /* Utils */ = {
			isa = PBXGroup;
			children = (
				41C69D402814AB6D0076B354 /* AuthNetworkContext.swift */,
				41C69D3E2814A7720076B354 /* AuthType.swift */,
			);
			name = Utils;
			sourceTree = "<group>";
		};
		41D6B8DB281476F200595F6C /* View */ = {
			isa = PBXGroup;
			children = (
				41D6B8CF281476ED00595F6C /* RecordViewInput.swift */,
				41D6B8D2281476ED00595F6C /* RecordViewController.swift */,
			);
			name = View;
			sourceTree = "<group>";
		};
		41D6B8DC281476F700595F6C /* Interactor */ = {
			isa = PBXGroup;
			children = (
				41D6B8D1281476ED00595F6C /* RecordInteractorInput.swift */,
				41D6B8D3281476ED00595F6C /* RecordInteractor.swift */,
			);
			name = Interactor;
			sourceTree = "<group>";
		};
		41D6B8DD281476FC00595F6C /* Router */ = {
			isa = PBXGroup;
			children = (
				41D6B8D0281476ED00595F6C /* RecordRouter.swift */,
				41D6B8D4281476ED00595F6C /* RecordRouterInput.swift */,
			);
			name = Router;
			sourceTree = "<group>";
		};
		41D6B8DE2814784C00595F6C /* Utils */ = {
			isa = PBXGroup;
			children = (
				41881FE82815920E00FFA4E2 /* Entities */,
				41881FE7281591FD00FFA4E2 /* Local entities */,
				41881FCE28155BC100FFA4E2 /* NetworkContext */,
				41D6B8DF2814785900595F6C /* KeyboardView.swift */,
				41D6B8E128147BE700595F6C /* PadCell.swift */,
				41D6B8E328147CDD00595F6C /* PadCellTappable.swift */,
				4129231A281489FB0001086C /* CategoryCell.swift */,
				4129231C28148E990001086C /* CategoryAddCell.swift */,
				41881FD3281560E100FFA4E2 /* CategoryShimmerCell.swift */,
				41881FFD2815AC4100FFA4E2 /* CategoryTextFieldCell.swift */,
			);
			name = Utils;
			sourceTree = "<group>";
		};
/* End PBXGroup section */

/* Begin PBXNativeTarget section */
		41B6D4FC28144F7E00798014 /* Fracker */ = {
			isa = PBXNativeTarget;
			buildConfigurationList = 41B6D52A28144F8000798014 /* Build configuration list for PBXNativeTarget "Fracker" */;
			buildPhases = (
				41B6D4F928144F7E00798014 /* Sources */,
				41B6D4FA28144F7E00798014 /* Frameworks */,
				41B6D4FB28144F7E00798014 /* Resources */,
			);
			buildRules = (
			);
			dependencies = (
			);
			name = Fracker;
			packageProductDependencies = (
				41B6D54528146B5D00798014 /* Base */,
				41B6D54828146BBA00798014 /* Network11 */,
			);
			productName = Fracker;
			productReference = 41B6D4FD28144F7E00798014 /* Fracker.app */;
			productType = "com.apple.product-type.application";
		};
		41B6D51528144F8000798014 /* FrackerTests */ = {
			isa = PBXNativeTarget;
			buildConfigurationList = 41B6D52D28144F8000798014 /* Build configuration list for PBXNativeTarget "FrackerTests" */;
			buildPhases = (
				41B6D51228144F8000798014 /* Sources */,
				41B6D51328144F8000798014 /* Frameworks */,
				41B6D51428144F8000798014 /* Resources */,
			);
			buildRules = (
			);
			dependencies = (
				41B6D51828144F8000798014 /* PBXTargetDependency */,
			);
			name = FrackerTests;
			productName = FrackerTests;
			productReference = 41B6D51628144F8000798014 /* FrackerTests.xctest */;
			productType = "com.apple.product-type.bundle.unit-test";
		};
		41B6D51F28144F8000798014 /* FrackerUITests */ = {
			isa = PBXNativeTarget;
			buildConfigurationList = 41B6D53028144F8000798014 /* Build configuration list for PBXNativeTarget "FrackerUITests" */;
			buildPhases = (
				41B6D51C28144F8000798014 /* Sources */,
				41B6D51D28144F8000798014 /* Frameworks */,
				41B6D51E28144F8000798014 /* Resources */,
			);
			buildRules = (
			);
			dependencies = (
				41B6D52228144F8000798014 /* PBXTargetDependency */,
			);
			name = FrackerUITests;
			productName = FrackerUITests;
			productReference = 41B6D52028144F8000798014 /* FrackerUITests.xctest */;
			productType = "com.apple.product-type.bundle.ui-testing";
		};
/* End PBXNativeTarget section */

/* Begin PBXProject section */
		41B6D4F528144F7E00798014 /* Project object */ = {
			isa = PBXProject;
			attributes = {
				BuildIndependentTargetsInParallel = 1;
				LastSwiftUpdateCheck = 1330;
				LastUpgradeCheck = 1330;
				TargetAttributes = {
					41B6D4FC28144F7E00798014 = {
						CreatedOnToolsVersion = 13.3.1;
					};
					41B6D51528144F8000798014 = {
						CreatedOnToolsVersion = 13.3.1;
						TestTargetID = 41B6D4FC28144F7E00798014;
					};
					41B6D51F28144F8000798014 = {
						CreatedOnToolsVersion = 13.3.1;
						TestTargetID = 41B6D4FC28144F7E00798014;
					};
				};
			};
			buildConfigurationList = 41B6D4F828144F7E00798014 /* Build configuration list for PBXProject "Fracker" */;
			compatibilityVersion = "Xcode 13.0";
			developmentRegion = en;
			hasScannedForEncodings = 0;
			knownRegions = (
				en,
				Base,
			);
			mainGroup = 41B6D4F428144F7E00798014;
			packageReferences = (
				41B6D54428146B5D00798014 /* XCRemoteSwiftPackageReference "Base" */,
				41B6D54728146BBA00798014 /* XCRemoteSwiftPackageReference "Network11" */,
			);
			productRefGroup = 41B6D4FE28144F7E00798014 /* Products */;
			projectDirPath = "";
			projectRoot = "";
			targets = (
				41B6D4FC28144F7E00798014 /* Fracker */,
				41B6D51528144F8000798014 /* FrackerTests */,
				41B6D51F28144F8000798014 /* FrackerUITests */,
			);
		};
/* End PBXProject section */

/* Begin PBXResourcesBuildPhase section */
		41B6D4FB28144F7E00798014 /* Resources */ = {
			isa = PBXResourcesBuildPhase;
			buildActionMask = 2147483647;
			files = (
				41881FFC2815A6F900FFA4E2 /* Fracker.xcdatamodeld in Resources */,
				41B6D51028144F8000798014 /* LaunchScreen.storyboard in Resources */,
				41C69D4D2814B74B0076B354 /* yessetmurat.com.crt in Resources */,
				41B6D50D28144F8000798014 /* Assets.xcassets in Resources */,
			);
			runOnlyForDeploymentPostprocessing = 0;
		};
		41B6D51428144F8000798014 /* Resources */ = {
			isa = PBXResourcesBuildPhase;
			buildActionMask = 2147483647;
			files = (
			);
			runOnlyForDeploymentPostprocessing = 0;
		};
		41B6D51E28144F8000798014 /* Resources */ = {
			isa = PBXResourcesBuildPhase;
			buildActionMask = 2147483647;
			files = (
			);
			runOnlyForDeploymentPostprocessing = 0;
		};
/* End PBXResourcesBuildPhase section */

/* Begin PBXSourcesBuildPhase section */
		41B6D4F928144F7E00798014 /* Sources */ = {
			isa = PBXSourcesBuildPhase;
			buildActionMask = 2147483647;
			files = (
				41C69D3F2814A7720076B354 /* AuthType.swift in Sources */,
				4129231B281489FB0001086C /* CategoryCell.swift in Sources */,
				41881FF92815A3C800FFA4E2 /* LocalRecord+CoreDataClass.swift in Sources */,
				41D6B8D7281476ED00595F6C /* RecordInteractorInput.swift in Sources */,
				41881FD628158D5100FFA4E2 /* RemoveCategoryNetworkContext.swift in Sources */,
				412E3DA52815CAF200B8D8DD /* ShakableView.swift in Sources */,
				41C69D432814ABE30076B354 /* InteractorInput.swift in Sources */,
				41D6B8E428147CDD00595F6C /* PadCellTappable.swift in Sources */,
				41B6D50128144F7E00798014 /* AppDelegate.swift in Sources */,
				41D6B8D6281476ED00595F6C /* RecordRouter.swift in Sources */,
				41C69D492814B2BD0076B354 /* LocalError.swift in Sources */,
				41B6D53F281451AE00798014 /* AuthRouter.swift in Sources */,
				41881FD4281560E100FFA4E2 /* CategoryShimmerCell.swift in Sources */,
				41D6B8E228147BE700595F6C /* PadCell.swift in Sources */,
				41C69D4B2814B30B0076B354 /* NetworkError + extensions.swift in Sources */,
				418820002815B5AE00FFA4E2 /* CreateCategoryNetworkContext.swift in Sources */,
				41D6B8D9281476ED00595F6C /* RecordInteractor.swift in Sources */,
				41B6D541281451AE00798014 /* AuthViewController.swift in Sources */,
				41881FD028155BDA00FFA4E2 /* CategoriesNetworkContext.swift in Sources */,
				41B6D543281451AE00798014 /* AuthRouterInput.swift in Sources */,
				41881FF72815A3C800FFA4E2 /* LocalCategory+CoreDataClass.swift in Sources */,
				41C69D452814AC520076B354 /* ErrorDescriptor.swift in Sources */,
				41B6D5532814732200798014 /* KeyValueStore.swift in Sources */,
				41881FFE2815AC4100FFA4E2 /* CategoryTextFieldCell.swift in Sources */,
				41881FF22815939D00FFA4E2 /* LocalDatabaseManager.swift in Sources */,
				41B6D542281451AE00798014 /* AuthInteractor.swift in Sources */,
				41D6B8D8281476ED00595F6C /* RecordViewController.swift in Sources */,
				41B6D540281451AE00798014 /* AuthInteractorInput.swift in Sources */,
				4129231D28148E990001086C /* CategoryAddCell.swift in Sources */,
				41B6D5542814732200798014 /* CommonStore.swift in Sources */,
				41881FFA2815A3C800FFA4E2 /* LocalRecord+CoreDataProperties.swift in Sources */,
				41D6B8E02814785900595F6C /* KeyboardView.swift in Sources */,
				41B6D5562814732200798014 /* BaseImage + extensions.swift in Sources */,
				41D6B8D5281476ED00595F6C /* RecordViewInput.swift in Sources */,
				41B6D5572814732200798014 /* Constants.swift in Sources */,
				41D6B8DA281476ED00595F6C /* RecordRouterInput.swift in Sources */,
				41B6D5552814732200798014 /* Endpoint.swift in Sources */,
				41C69D412814AB6D0076B354 /* AuthNetworkContext.swift in Sources */,
				41B6D53E281451AE00798014 /* AuthViewInput.swift in Sources */,
				41C69D472814AC680076B354 /* DisplayedError.swift in Sources */,
				41881FD228155C9600FFA4E2 /* Category.swift in Sources */,
				41881FF82815A3C800FFA4E2 /* LocalCategory+CoreDataProperties.swift in Sources */,
			);
			runOnlyForDeploymentPostprocessing = 0;
		};
		41B6D51228144F8000798014 /* Sources */ = {
			isa = PBXSourcesBuildPhase;
			buildActionMask = 2147483647;
			files = (
				41B6D51B28144F8000798014 /* FrackerTests.swift in Sources */,
			);
			runOnlyForDeploymentPostprocessing = 0;
		};
		41B6D51C28144F8000798014 /* Sources */ = {
			isa = PBXSourcesBuildPhase;
			buildActionMask = 2147483647;
			files = (
				41B6D52528144F8000798014 /* FrackerUITests.swift in Sources */,
				41B6D52728144F8000798014 /* FrackerUITestsLaunchTests.swift in Sources */,
			);
			runOnlyForDeploymentPostprocessing = 0;
		};
/* End PBXSourcesBuildPhase section */

/* Begin PBXTargetDependency section */
		41B6D51828144F8000798014 /* PBXTargetDependency */ = {
			isa = PBXTargetDependency;
			target = 41B6D4FC28144F7E00798014 /* Fracker */;
			targetProxy = 41B6D51728144F8000798014 /* PBXContainerItemProxy */;
		};
		41B6D52228144F8000798014 /* PBXTargetDependency */ = {
			isa = PBXTargetDependency;
			target = 41B6D4FC28144F7E00798014 /* Fracker */;
			targetProxy = 41B6D52128144F8000798014 /* PBXContainerItemProxy */;
		};
/* End PBXTargetDependency section */

/* Begin PBXVariantGroup section */
		41B6D50E28144F8000798014 /* LaunchScreen.storyboard */ = {
			isa = PBXVariantGroup;
			children = (
				41B6D50F28144F8000798014 /* Base */,
			);
			name = LaunchScreen.storyboard;
			sourceTree = "<group>";
		};
/* End PBXVariantGroup section */

/* Begin XCBuildConfiguration section */
		41B6D52828144F8000798014 /* Debug */ = {
			isa = XCBuildConfiguration;
			buildSettings = {
				ALWAYS_SEARCH_USER_PATHS = NO;
				CLANG_ANALYZER_NONNULL = YES;
				CLANG_ANALYZER_NUMBER_OBJECT_CONVERSION = YES_AGGRESSIVE;
				CLANG_CXX_LANGUAGE_STANDARD = "gnu++17";
				CLANG_ENABLE_MODULES = YES;
				CLANG_ENABLE_OBJC_ARC = YES;
				CLANG_ENABLE_OBJC_WEAK = YES;
				CLANG_WARN_BLOCK_CAPTURE_AUTORELEASING = YES;
				CLANG_WARN_BOOL_CONVERSION = YES;
				CLANG_WARN_COMMA = YES;
				CLANG_WARN_CONSTANT_CONVERSION = YES;
				CLANG_WARN_DEPRECATED_OBJC_IMPLEMENTATIONS = YES;
				CLANG_WARN_DIRECT_OBJC_ISA_USAGE = YES_ERROR;
				CLANG_WARN_DOCUMENTATION_COMMENTS = YES;
				CLANG_WARN_EMPTY_BODY = YES;
				CLANG_WARN_ENUM_CONVERSION = YES;
				CLANG_WARN_INFINITE_RECURSION = YES;
				CLANG_WARN_INT_CONVERSION = YES;
				CLANG_WARN_NON_LITERAL_NULL_CONVERSION = YES;
				CLANG_WARN_OBJC_IMPLICIT_RETAIN_SELF = YES;
				CLANG_WARN_OBJC_LITERAL_CONVERSION = YES;
				CLANG_WARN_OBJC_ROOT_CLASS = YES_ERROR;
				CLANG_WARN_QUOTED_INCLUDE_IN_FRAMEWORK_HEADER = YES;
				CLANG_WARN_RANGE_LOOP_ANALYSIS = YES;
				CLANG_WARN_STRICT_PROTOTYPES = YES;
				CLANG_WARN_SUSPICIOUS_MOVE = YES;
				CLANG_WARN_UNGUARDED_AVAILABILITY = YES_AGGRESSIVE;
				CLANG_WARN_UNREACHABLE_CODE = YES;
				CLANG_WARN__DUPLICATE_METHOD_MATCH = YES;
				COPY_PHASE_STRIP = NO;
				DEBUG_INFORMATION_FORMAT = dwarf;
				ENABLE_STRICT_OBJC_MSGSEND = YES;
				ENABLE_TESTABILITY = YES;
				GCC_C_LANGUAGE_STANDARD = gnu11;
				GCC_DYNAMIC_NO_PIC = NO;
				GCC_NO_COMMON_BLOCKS = YES;
				GCC_OPTIMIZATION_LEVEL = 0;
				GCC_PREPROCESSOR_DEFINITIONS = (
					"DEBUG=1",
					"$(inherited)",
				);
				GCC_WARN_64_TO_32_BIT_CONVERSION = YES;
				GCC_WARN_ABOUT_RETURN_TYPE = YES_ERROR;
				GCC_WARN_UNDECLARED_SELECTOR = YES;
				GCC_WARN_UNINITIALIZED_AUTOS = YES_AGGRESSIVE;
				GCC_WARN_UNUSED_FUNCTION = YES;
				GCC_WARN_UNUSED_VARIABLE = YES;
				IPHONEOS_DEPLOYMENT_TARGET = 13.0;
				MTL_ENABLE_DEBUG_INFO = INCLUDE_SOURCE;
				MTL_FAST_MATH = YES;
				ONLY_ACTIVE_ARCH = YES;
				SDKROOT = iphoneos;
				SWIFT_ACTIVE_COMPILATION_CONDITIONS = DEBUG;
				SWIFT_OPTIMIZATION_LEVEL = "-Onone";
			};
			name = Debug;
		};
		41B6D52928144F8000798014 /* Release */ = {
			isa = XCBuildConfiguration;
			buildSettings = {
				ALWAYS_SEARCH_USER_PATHS = NO;
				CLANG_ANALYZER_NONNULL = YES;
				CLANG_ANALYZER_NUMBER_OBJECT_CONVERSION = YES_AGGRESSIVE;
				CLANG_CXX_LANGUAGE_STANDARD = "gnu++17";
				CLANG_ENABLE_MODULES = YES;
				CLANG_ENABLE_OBJC_ARC = YES;
				CLANG_ENABLE_OBJC_WEAK = YES;
				CLANG_WARN_BLOCK_CAPTURE_AUTORELEASING = YES;
				CLANG_WARN_BOOL_CONVERSION = YES;
				CLANG_WARN_COMMA = YES;
				CLANG_WARN_CONSTANT_CONVERSION = YES;
				CLANG_WARN_DEPRECATED_OBJC_IMPLEMENTATIONS = YES;
				CLANG_WARN_DIRECT_OBJC_ISA_USAGE = YES_ERROR;
				CLANG_WARN_DOCUMENTATION_COMMENTS = YES;
				CLANG_WARN_EMPTY_BODY = YES;
				CLANG_WARN_ENUM_CONVERSION = YES;
				CLANG_WARN_INFINITE_RECURSION = YES;
				CLANG_WARN_INT_CONVERSION = YES;
				CLANG_WARN_NON_LITERAL_NULL_CONVERSION = YES;
				CLANG_WARN_OBJC_IMPLICIT_RETAIN_SELF = YES;
				CLANG_WARN_OBJC_LITERAL_CONVERSION = YES;
				CLANG_WARN_OBJC_ROOT_CLASS = YES_ERROR;
				CLANG_WARN_QUOTED_INCLUDE_IN_FRAMEWORK_HEADER = YES;
				CLANG_WARN_RANGE_LOOP_ANALYSIS = YES;
				CLANG_WARN_STRICT_PROTOTYPES = YES;
				CLANG_WARN_SUSPICIOUS_MOVE = YES;
				CLANG_WARN_UNGUARDED_AVAILABILITY = YES_AGGRESSIVE;
				CLANG_WARN_UNREACHABLE_CODE = YES;
				CLANG_WARN__DUPLICATE_METHOD_MATCH = YES;
				COPY_PHASE_STRIP = NO;
				DEBUG_INFORMATION_FORMAT = "dwarf-with-dsym";
				ENABLE_NS_ASSERTIONS = NO;
				ENABLE_STRICT_OBJC_MSGSEND = YES;
				GCC_C_LANGUAGE_STANDARD = gnu11;
				GCC_NO_COMMON_BLOCKS = YES;
				GCC_WARN_64_TO_32_BIT_CONVERSION = YES;
				GCC_WARN_ABOUT_RETURN_TYPE = YES_ERROR;
				GCC_WARN_UNDECLARED_SELECTOR = YES;
				GCC_WARN_UNINITIALIZED_AUTOS = YES_AGGRESSIVE;
				GCC_WARN_UNUSED_FUNCTION = YES;
				GCC_WARN_UNUSED_VARIABLE = YES;
				IPHONEOS_DEPLOYMENT_TARGET = 13.0;
				MTL_ENABLE_DEBUG_INFO = NO;
				MTL_FAST_MATH = YES;
				SDKROOT = iphoneos;
				SWIFT_COMPILATION_MODE = wholemodule;
				SWIFT_OPTIMIZATION_LEVEL = "-O";
				VALIDATE_PRODUCT = YES;
			};
			name = Release;
		};
		41B6D52B28144F8000798014 /* Debug */ = {
			isa = XCBuildConfiguration;
			buildSettings = {
				ASSETCATALOG_COMPILER_APPICON_NAME = AppIcon;
				ASSETCATALOG_COMPILER_GLOBAL_ACCENT_COLOR_NAME = AccentColor;
				CODE_SIGN_STYLE = Automatic;
				CURRENT_PROJECT_VERSION = 1;
				DEVELOPMENT_TEAM = 3BSD22QPH9;
				GENERATE_INFOPLIST_FILE = YES;
				INFOPLIST_FILE = Fracker/Supporting/Info.plist;
				INFOPLIST_KEY_UIApplicationSupportsIndirectInputEvents = YES;
				INFOPLIST_KEY_UILaunchStoryboardName = LaunchScreen;
				INFOPLIST_KEY_UISupportedInterfaceOrientations = UIInterfaceOrientationPortrait;
				INFOPLIST_KEY_UISupportedInterfaceOrientations_iPad = "UIInterfaceOrientationPortrait UIInterfaceOrientationPortraitUpsideDown UIInterfaceOrientationLandscapeLeft UIInterfaceOrientationLandscapeRight";
				INFOPLIST_KEY_UISupportedInterfaceOrientations_iPhone = "UIInterfaceOrientationPortrait UIInterfaceOrientationLandscapeLeft UIInterfaceOrientationLandscapeRight";
				IPHONEOS_DEPLOYMENT_TARGET = 13.0;
				LD_RUNPATH_SEARCH_PATHS = (
					"$(inherited)",
					"@executable_path/Frameworks",
				);
				MARKETING_VERSION = 1.0;
				PRODUCT_BUNDLE_IDENTIFIER = kz.yessetmurat.Fracker;
				PRODUCT_NAME = "$(TARGET_NAME)";
				SWIFT_EMIT_LOC_STRINGS = YES;
				SWIFT_VERSION = 5.0;
				TARGETED_DEVICE_FAMILY = "1,2";
			};
			name = Debug;
		};
		41B6D52C28144F8000798014 /* Release */ = {
			isa = XCBuildConfiguration;
			buildSettings = {
				ASSETCATALOG_COMPILER_APPICON_NAME = AppIcon;
				ASSETCATALOG_COMPILER_GLOBAL_ACCENT_COLOR_NAME = AccentColor;
				CODE_SIGN_STYLE = Automatic;
				CURRENT_PROJECT_VERSION = 1;
				DEVELOPMENT_TEAM = 3BSD22QPH9;
				GENERATE_INFOPLIST_FILE = YES;
				INFOPLIST_FILE = Fracker/Supporting/Info.plist;
				INFOPLIST_KEY_UIApplicationSupportsIndirectInputEvents = YES;
				INFOPLIST_KEY_UILaunchStoryboardName = LaunchScreen;
				INFOPLIST_KEY_UISupportedInterfaceOrientations = UIInterfaceOrientationPortrait;
				INFOPLIST_KEY_UISupportedInterfaceOrientations_iPad = "UIInterfaceOrientationPortrait UIInterfaceOrientationPortraitUpsideDown UIInterfaceOrientationLandscapeLeft UIInterfaceOrientationLandscapeRight";
				INFOPLIST_KEY_UISupportedInterfaceOrientations_iPhone = "UIInterfaceOrientationPortrait UIInterfaceOrientationLandscapeLeft UIInterfaceOrientationLandscapeRight";
				IPHONEOS_DEPLOYMENT_TARGET = 13.0;
				LD_RUNPATH_SEARCH_PATHS = (
					"$(inherited)",
					"@executable_path/Frameworks",
				);
				MARKETING_VERSION = 1.0;
				PRODUCT_BUNDLE_IDENTIFIER = kz.yessetmurat.Fracker;
				PRODUCT_NAME = "$(TARGET_NAME)";
				SWIFT_EMIT_LOC_STRINGS = YES;
				SWIFT_VERSION = 5.0;
				TARGETED_DEVICE_FAMILY = "1,2";
			};
			name = Release;
		};
		41B6D52E28144F8000798014 /* Debug */ = {
			isa = XCBuildConfiguration;
			buildSettings = {
				ALWAYS_EMBED_SWIFT_STANDARD_LIBRARIES = YES;
				BUNDLE_LOADER = "$(TEST_HOST)";
				CODE_SIGN_STYLE = Automatic;
				CURRENT_PROJECT_VERSION = 1;
				DEVELOPMENT_TEAM = 3BSD22QPH9;
				GENERATE_INFOPLIST_FILE = YES;
				IPHONEOS_DEPLOYMENT_TARGET = 15.4;
				MARKETING_VERSION = 1.0;
				PRODUCT_BUNDLE_IDENTIFIER = kz.yessetmurat.FrackerTests;
				PRODUCT_NAME = "$(TARGET_NAME)";
				SWIFT_EMIT_LOC_STRINGS = NO;
				SWIFT_VERSION = 5.0;
				TARGETED_DEVICE_FAMILY = "1,2";
				TEST_HOST = "$(BUILT_PRODUCTS_DIR)/Fracker.app/Fracker";
			};
			name = Debug;
		};
		41B6D52F28144F8000798014 /* Release */ = {
			isa = XCBuildConfiguration;
			buildSettings = {
				ALWAYS_EMBED_SWIFT_STANDARD_LIBRARIES = YES;
				BUNDLE_LOADER = "$(TEST_HOST)";
				CODE_SIGN_STYLE = Automatic;
				CURRENT_PROJECT_VERSION = 1;
				DEVELOPMENT_TEAM = 3BSD22QPH9;
				GENERATE_INFOPLIST_FILE = YES;
				IPHONEOS_DEPLOYMENT_TARGET = 15.4;
				MARKETING_VERSION = 1.0;
				PRODUCT_BUNDLE_IDENTIFIER = kz.yessetmurat.FrackerTests;
				PRODUCT_NAME = "$(TARGET_NAME)";
				SWIFT_EMIT_LOC_STRINGS = NO;
				SWIFT_VERSION = 5.0;
				TARGETED_DEVICE_FAMILY = "1,2";
				TEST_HOST = "$(BUILT_PRODUCTS_DIR)/Fracker.app/Fracker";
			};
			name = Release;
		};
		41B6D53128144F8000798014 /* Debug */ = {
			isa = XCBuildConfiguration;
			buildSettings = {
				ALWAYS_EMBED_SWIFT_STANDARD_LIBRARIES = YES;
				CODE_SIGN_STYLE = Automatic;
				CURRENT_PROJECT_VERSION = 1;
				DEVELOPMENT_TEAM = 3BSD22QPH9;
				GENERATE_INFOPLIST_FILE = YES;
				MARKETING_VERSION = 1.0;
				PRODUCT_BUNDLE_IDENTIFIER = kz.yessetmurat.FrackerUITests;
				PRODUCT_NAME = "$(TARGET_NAME)";
				SWIFT_EMIT_LOC_STRINGS = NO;
				SWIFT_VERSION = 5.0;
				TARGETED_DEVICE_FAMILY = "1,2";
				TEST_TARGET_NAME = Fracker;
			};
			name = Debug;
		};
		41B6D53228144F8000798014 /* Release */ = {
			isa = XCBuildConfiguration;
			buildSettings = {
				ALWAYS_EMBED_SWIFT_STANDARD_LIBRARIES = YES;
				CODE_SIGN_STYLE = Automatic;
				CURRENT_PROJECT_VERSION = 1;
				DEVELOPMENT_TEAM = 3BSD22QPH9;
				GENERATE_INFOPLIST_FILE = YES;
				MARKETING_VERSION = 1.0;
				PRODUCT_BUNDLE_IDENTIFIER = kz.yessetmurat.FrackerUITests;
				PRODUCT_NAME = "$(TARGET_NAME)";
				SWIFT_EMIT_LOC_STRINGS = NO;
				SWIFT_VERSION = 5.0;
				TARGETED_DEVICE_FAMILY = "1,2";
				TEST_TARGET_NAME = Fracker;
			};
			name = Release;
		};
/* End XCBuildConfiguration section */

/* Begin XCConfigurationList section */
		41B6D4F828144F7E00798014 /* Build configuration list for PBXProject "Fracker" */ = {
			isa = XCConfigurationList;
			buildConfigurations = (
				41B6D52828144F8000798014 /* Debug */,
				41B6D52928144F8000798014 /* Release */,
			);
			defaultConfigurationIsVisible = 0;
			defaultConfigurationName = Release;
		};
		41B6D52A28144F8000798014 /* Build configuration list for PBXNativeTarget "Fracker" */ = {
			isa = XCConfigurationList;
			buildConfigurations = (
				41B6D52B28144F8000798014 /* Debug */,
				41B6D52C28144F8000798014 /* Release */,
			);
			defaultConfigurationIsVisible = 0;
			defaultConfigurationName = Release;
		};
		41B6D52D28144F8000798014 /* Build configuration list for PBXNativeTarget "FrackerTests" */ = {
			isa = XCConfigurationList;
			buildConfigurations = (
				41B6D52E28144F8000798014 /* Debug */,
				41B6D52F28144F8000798014 /* Release */,
			);
			defaultConfigurationIsVisible = 0;
			defaultConfigurationName = Release;
		};
		41B6D53028144F8000798014 /* Build configuration list for PBXNativeTarget "FrackerUITests" */ = {
			isa = XCConfigurationList;
			buildConfigurations = (
				41B6D53128144F8000798014 /* Debug */,
				41B6D53228144F8000798014 /* Release */,
			);
			defaultConfigurationIsVisible = 0;
			defaultConfigurationName = Release;
		};
/* End XCConfigurationList section */

/* Begin XCRemoteSwiftPackageReference section */
		41B6D54428146B5D00798014 /* XCRemoteSwiftPackageReference "Base" */ = {
			isa = XCRemoteSwiftPackageReference;
			repositoryURL = "git@github.com:yessetmurat/Base.git";
			requirement = {
				kind = exactVersion;
				version = 0.2.13;
			};
		};
		41B6D54728146BBA00798014 /* XCRemoteSwiftPackageReference "Network11" */ = {
			isa = XCRemoteSwiftPackageReference;
			repositoryURL = "git@github.com:yessetmurat/Network11.git";
			requirement = {
				kind = exactVersion;
				version = 0.5.0;
			};
		};
/* End XCRemoteSwiftPackageReference section */

/* Begin XCSwiftPackageProductDependency section */
		41B6D54528146B5D00798014 /* Base */ = {
			isa = XCSwiftPackageProductDependency;
			package = 41B6D54428146B5D00798014 /* XCRemoteSwiftPackageReference "Base" */;
			productName = Base;
		};
		41B6D54828146BBA00798014 /* Network11 */ = {
			isa = XCSwiftPackageProductDependency;
			package = 41B6D54728146BBA00798014 /* XCRemoteSwiftPackageReference "Network11" */;
			productName = Network11;
		};
/* End XCSwiftPackageProductDependency section */

/* Begin XCVersionGroup section */
		41B6D50928144F7E00798014 /* Fracker.xcdatamodeld */ = {
			isa = XCVersionGroup;
			children = (
				41B6D50A28144F7E00798014 /* Fracker.xcdatamodel */,
			);
			currentVersion = 41B6D50A28144F7E00798014 /* Fracker.xcdatamodel */;
			path = Fracker.xcdatamodeld;
			sourceTree = "<group>";
			versionGroupType = wrapper.xcdatamodel;
		};
/* End XCVersionGroup section */
	};
	rootObject = 41B6D4F528144F7E00798014 /* Project object */;
}
